
Microsoft Visual Studio Solution File, Format Version 12.00
# Visual Studio Version 17
VisualStudioVersion = 17.13.35806.99 d17.13
MinimumVisualStudioVersion = 10.0.40219.1
Project("{8BC9CEB8-8B4A-11D0-8D11-00A0C91BC942}") = "chapter3_TheSimpleLoginSystem", "chapter3_TheSimpleLoginSystem\chapter3_TheSimpleLoginSystem.vcxproj", "{BB99EF1C-F3DF-447D-81F9-1D7A346A6785}"
EndProject
Global
	GlobalSection(SolutionConfigurationPlatforms) = preSolution
		Debug|x64 = Debug|x64
		Debug|x86 = Debug|x86
		Release|x64 = Release|x64
		Release|x86 = Release|x86
	EndGlobalSection
	GlobalSection(ProjectConfigurationPlatforms) = postSolution
		{BB99EF1C-F3DF-447D-81F9-1D7A346A6785}.Debug|x64.ActiveCfg = Debug|x64
		{BB99EF1C-F3DF-447D-81F9-1D7A346A6785}.Debug|x64.Build.0 = Debug|x64
		{BB99EF1C-F3DF-447D-81F9-1D7A346A6785}.Debug|x86.ActiveCfg = Debug|Win32
		{BB99EF1C-F3DF-447D-81F9-1D7A346A6785}.Debug|x86.Build.0 = Debug|Win32
		{BB99EF1C-F3DF-447D-81F9-1D7A346A6785}.Release|x64.ActiveCfg = Release|x64
		{BB99EF1C-F3DF-447D-81F9-1D7A346A6785}.Release|x64.Build.0 = Release|x64
		{BB99EF1C-F3DF-447D-81F9-1D7A346A6785}.Release|x86.ActiveCfg = Release|Win32
		{BB99EF1C-F3DF-447D-81F9-1D7A346A6785}.Release|x86.Build.0 = Release|Win32
	EndGlobalSection
	GlobalSection(SolutionProperties) = preSolution
		HideSolutionNode = FALSE
	EndGlobalSection
	GlobalSection(ExtensibilityGlobals) = postSolution
		SolutionGuid = {7699A1BE-026E-42F0-8148-45F24DDAA877}
	EndGlobalSection
EndGlobal
